
Microsoft Visual Studio Solution File, Format Version 12.00
# Visual Studio Version 17
VisualStudioVersion = 17.1.32421.90
MinimumVisualStudioVersion = 10.0.40219.1
Project("{9A19103F-16F7-4668-BE54-9A1E7A4F7556}") = "Client", "Client\Client.csproj", "{B824FFB1-C6FA-44C8-84C7-A4D02B861170}"
EndProject
Project("{FAE04EC0-301F-11D3-BF4B-00C04F79EFBC}") = "Client.Tests", "Client.Tests\Client.Tests.csproj", "{A4CA75B1-CC87-49C6-BD0A-D995406DF2B6}"
EndProject
Global
	GlobalSection(SolutionConfigurationPlatforms) = preSolution
		Debug|Any CPU = Debug|Any CPU
		Release|Any CPU = Release|Any CPU
	EndGlobalSection
	GlobalSection(ProjectConfigurationPlatforms) = postSolution
		{B824FFB1-C6FA-44C8-84C7-A4D02B861170}.Debug|Any CPU.ActiveCfg = Debug|Any CPU
		{B824FFB1-C6FA-44C8-84C7-A4D02B861170}.Debug|Any CPU.Build.0 = Debug|Any CPU
		{B824FFB1-C6FA-44C8-84C7-A4D02B861170}.Release|Any CPU.ActiveCfg = Release|Any CPU
		{B824FFB1-C6FA-44C8-84C7-A4D02B861170}.Release|Any CPU.Build.0 = Release|Any CPU
		{A4CA75B1-CC87-49C6-BD0A-D995406DF2B6}.Debug|Any CPU.ActiveCfg = Debug|Any CPU
		{A4CA75B1-CC87-49C6-BD0A-D995406DF2B6}.Debug|Any CPU.Build.0 = Debug|Any CPU
		{A4CA75B1-CC87-49C6-BD0A-D995406DF2B6}.Release|Any CPU.ActiveCfg = Release|Any CPU
		{A4CA75B1-CC87-49C6-BD0A-D995406DF2B6}.Release|Any CPU.Build.0 = Release|Any CPU
	EndGlobalSection
	GlobalSection(SolutionProperties) = preSolution
		HideSolutionNode = FALSE
	EndGlobalSection
	GlobalSection(ExtensibilityGlobals) = postSolution
		SolutionGuid = {639720AD-E2A1-4CF9-BF72-D03C3A4EA010}
	EndGlobalSection
EndGlobal
